
Microsoft Visual Studio Solution File, Format Version 12.00
# Visual Studio Version 17
VisualStudioVersion = 17.13.35919.96 d17.13
MinimumVisualStudioVersion = 10.0.40219.1
Project("{8BC9CEB8-8B4A-11D0-8D11-00A0C91BC942}") = "Test", "Test\Test.vcxproj", "{B2E408CA-B0DA-4F80-8B80-8D52B8B6FCBF}"
EndProject
Global
	GlobalSection(SolutionConfigurationPlatforms) = preSolution
		Debug|x64 = Debug|x64
		Debug|x86 = Debug|x86
		Release|x64 = Release|x64
		Release|x86 = Release|x86
	EndGlobalSection
	GlobalSection(ProjectConfigurationPlatforms) = postSolution
		{B2E408CA-B0DA-4F80-8B80-8D52B8B6FCBF}.Debug|x64.ActiveCfg = Debug|x64
		{B2E408CA-B0DA-4F80-8B80-8D52B8B6FCBF}.Debug|x64.Build.0 = Debug|x64
		{B2E408CA-B0DA-4F80-8B80-8D52B8B6FCBF}.Debug|x86.ActiveCfg = Debug|Win32
		{B2E408CA-B0DA-4F80-8B80-8D52B8B6FCBF}.Debug|x86.Build.0 = Debug|Win32
		{B2E408CA-B0DA-4F80-8B80-8D52B8B6FCBF}.Release|x64.ActiveCfg = Release|x64
		{B2E408CA-B0DA-4F80-8B80-8D52B8B6FCBF}.Release|x64.Build.0 = Release|x64
		{B2E408CA-B0DA-4F80-8B80-8D52B8B6FCBF}.Release|x86.ActiveCfg = Release|Win32
		{B2E408CA-B0DA-4F80-8B80-8D52B8B6FCBF}.Release|x86.Build.0 = Release|Win32
	EndGlobalSection
	GlobalSection(SolutionProperties) = preSolution
		HideSolutionNode = FALSE
	EndGlobalSection
	GlobalSection(ExtensibilityGlobals) = postSolution
		SolutionGuid = {4626E192-E157-4D81-97EA-837204B40DD0}
	EndGlobalSection
EndGlobal
